
Microsoft Visual Studio Solution File, Format Version 12.00
# Visual Studio Version 16
VisualStudioVersion = 25.0.1706.1
MinimumVisualStudioVersion = 10.0.40219.1
Project("{FAE04EC0-301F-11D3-BF4B-00C04F79EFBC}") = "BlazorMatchGame", "BlazorMatchGame\BlazorMatchGame.csproj", "{0274F95F-7965-4BD8-B74E-BDDB27CAC118}"
EndProject
Global
	GlobalSection(SolutionConfigurationPlatforms) = preSolution
		Debug|Any CPU = Debug|Any CPU
		Release|Any CPU = Release|Any CPU
	EndGlobalSection
	GlobalSection(ProjectConfigurationPlatforms) = postSolution
		{0274F95F-7965-4BD8-B74E-BDDB27CAC118}.Debug|Any CPU.ActiveCfg = Debug|Any CPU
		{0274F95F-7965-4BD8-B74E-BDDB27CAC118}.Debug|Any CPU.Build.0 = Debug|Any CPU
		{0274F95F-7965-4BD8-B74E-BDDB27CAC118}.Release|Any CPU.ActiveCfg = Release|Any CPU
		{0274F95F-7965-4BD8-B74E-BDDB27CAC118}.Release|Any CPU.Build.0 = Release|Any CPU
	EndGlobalSection
	GlobalSection(SolutionProperties) = preSolution
		HideSolutionNode = FALSE
	EndGlobalSection
	GlobalSection(ExtensibilityGlobals) = postSolution
		SolutionGuid = {9C982374-F6F5-4AE8-A946-9C9570FEC84A}
	EndGlobalSection
EndGlobal
